// !$*UTF8*$!
{
	archiveVersion = 1;
	classes = {
	};
	objectVersion = 77;
	objects = {

/* Begin PBXBuildFile section */
		B9174B6B2F22A8EE0057C525 /* ContentView.swift in Sources */ = {isa = PBXBuildFile; fileRef = B9174B672F22A8EE0057C525 /* ContentView.swift */; };
		B9174B6C2F22A8EE0057C525 /* SeekApp.swift in Sources */ = {isa = PBXBuildFile; fileRef = B9174B682F22A8EE0057C525 /* SeekApp.swift */; };
		B95FF9712F2D4507003FE994 /* ReaderScreen.swift in Sources */ = {isa = PBXBuildFile; fileRef = B95FF9702F2D4507003FE994 /* ReaderScreen.swift */; };
		B93A17842F3187DC0032E9B8 /* Assets.xcassets in Resources */ = {isa = PBXBuildFile; fileRef = B93A17832F3187DC0032E9B8 /* Assets.xcassets */; };
		B93A17882F318D420032E9B8 /* Theme.swift in Sources */ = {isa = PBXBuildFile; fileRef = B93A17872F318D420032E9B8 /* Theme.swift */; };
		B93A5C752F319F710032E9B8 /* SeekData in Resources */ = {isa = PBXBuildFile; fileRef = B93A5C742F319F710032E9B8 /* SeekData */; };
		B949C0082F27E935000A59E5 /* LibraryScreen_New.swift in Sources */ = {isa = PBXBuildFile; fileRef = B949C0072F27E935000A59E5 /* LibraryScreen_New.swift */; };
		B949C00C2F27EE2F000A59E5 /* JourneyScreen.swift in Sources */ = {isa = PBXBuildFile; fileRef = B949C00B2F27EDA3000A59E5 /* JourneyScreen.swift */; };
		B949C00E2F27EE81000A59E5 /* SettingsScreen.swift in Sources */ = {isa = PBXBuildFile; fileRef = B949C00D2F27EE77000A59E5 /* SettingsScreen.swift */; };
		B949C0102F27EEAA000A59E5 /* AppState.swift in Sources */ = {isa = PBXBuildFile; fileRef = B949C00F2F27EEA4000A59E5 /* AppState.swift */; };
		B949C0142F27F211000A59E5 /* TextsScreen.swift in Sources */ = {isa = PBXBuildFile; fileRef = B949C0132F27F211000A59E5 /* TextsScreen.swift */; };
		B949C0182F27FA42000A59E5 /* LibraryData.swift in Sources */ = {isa = PBXBuildFile; fileRef = B949C0172F27FA42000A59E5 /* LibraryData.swift */; };
		B9D9830C2F2881A1000C601C /* VerseLoader.swift in Sources */ = {isa = PBXBuildFile; fileRef = B9D9830B2F28819E000C601C /* VerseLoader.swift */; };
		B9NEW0012F3AAA010000001 /* SearchManager.swift in Sources */ = {isa = PBXBuildFile; fileRef = B9NEW0012F3AAA010000002 /* SearchManager.swift */; };
		B9NEW0022F3AAA010000001 /* ShareImageGenerator.swift in Sources */ = {isa = PBXBuildFile; fileRef = B9NEW0022F3AAA010000002 /* ShareImageGenerator.swift */; };
		B9NEW0032F3AAA010000001 /* GuidedStudyScreen.swift in Sources */ = {isa = PBXBuildFile; fileRef = B9NEW0032F3AAA010000002 /* GuidedStudyScreen.swift */; };
		B9NEW0042F3AAA010000001 /* JourneyStore.swift in Sources */ = {isa = PBXBuildFile; fileRef = B9NEW0042F3AAA010000002 /* JourneyStore.swift */; };
		B9RDS00012F3BBB010000001 /* RemoteDataService.swift in Sources */ = {isa = PBXBuildFile; fileRef = B9RDS00012F3BBB010000002 /* RemoteDataService.swift */; };
		B9RCF00012F3BBB010000001 /* RemoteConfig.swift in Sources */ = {isa = PBXBuildFile; fileRef = B9RCF00012F3BBB010000002 /* RemoteConfig.swift */; };
		B9OAI0012F3BBB010000001 /* OpenAIProxyClient.swift in Sources */ = {isa = PBXBuildFile; fileRef = B9OAI0012F3BBB010000002 /* OpenAIProxyClient.swift */; };
		B9STUDY012F3BBB010000001 /* StudyHomeScreen.swift in Sources */ = {isa = PBXBuildFile; fileRef = B9STUDY012F3BBB010000002 /* StudyHomeScreen.swift */; };
		B9GPS0012F3BBB010000001 /* GuidedPassagePickerSheet.swift in Sources */ = {isa = PBXBuildFile; fileRef = B9GPS0012F3BBB010000002 /* GuidedPassagePickerSheet.swift */; };
		B9GSM0012F3BBB010000001 /* GuidedSearchManager.swift in Sources */ = {isa = PBXBuildFile; fileRef = B9GSM0012F3BBB010000002 /* GuidedSearchManager.swift */; };
		B9RDP0012F3BBB010000001 /* RemoteDatasetProvider.swift in Sources */ = {isa = PBXBuildFile; fileRef = B9RDP0012F3BBB010000002 /* RemoteDatasetProvider.swift */; };
/* End PBXBuildFile section */

/* Begin PBXFileReference section */
		B9174B4E2F229F610057C525 /* Seek.app */ = {isa = PBXFileReference; explicitFileType = wrapper.application; includeInIndex = 0; path = Seek.app; sourceTree = BUILT_PRODUCTS_DIR; };
		B9174B672F22A8EE0057C525 /* ContentView.swift */ = {isa = PBXFileReference; lastKnownFileType = sourcecode.swift; path = ContentView.swift; sourceTree = "<group>"; };
		B9174B682F22A8EE0057C525 /* SeekApp.swift */ = {isa = PBXFileReference; lastKnownFileType = sourcecode.swift; path = SeekApp.swift; sourceTree = "<group>"; };
		B93A17832F3187DC0032E9B8 /* Assets.xcassets */ = {isa = PBXFileReference; lastKnownFileType = folder.assetcatalog; path = Assets.xcassets; sourceTree = "<group>"; };
		B93A17872F318D420032E9B8 /* Theme.swift */ = {isa = PBXFileReference; lastKnownFileType = sourcecode.swift; path = Theme.swift; sourceTree = "<group>"; };
		B93A5C742F319F710032E9B8 /* SeekData */ = {isa = PBXFileReference; lastKnownFileType = folder; path = SeekData; sourceTree = "<group>"; };
		B949C0072F27E935000A59E5 /* LibraryScreen_New.swift */ = {isa = PBXFileReference; lastKnownFileType = sourcecode.swift; path = LibraryScreen_New.swift; sourceTree = "<group>"; };
		B949C00B2F27EDA3000A59E5 /* JourneyScreen.swift */ = {isa = PBXFileReference; lastKnownFileType = sourcecode.swift; path = JourneyScreen.swift; sourceTree = "<group>"; };
		B949C00D2F27EE77000A59E5 /* SettingsScreen.swift */ = {isa = PBXFileReference; lastKnownFileType = sourcecode.swift; path = SettingsScreen.swift; sourceTree = "<group>"; };
		B949C00F2F27EEA4000A59E5 /* AppState.swift */ = {isa = PBXFileReference; lastKnownFileType = sourcecode.swift; path = AppState.swift; sourceTree = "<group>"; };
		B949C0132F27F211000A59E5 /* TextsScreen.swift */ = {isa = PBXFileReference; lastKnownFileType = sourcecode.swift; path = TextsScreen.swift; sourceTree = "<group>"; };
		B949C0172F27FA42000A59E5 /* LibraryData.swift */ = {isa = PBXFileReference; lastKnownFileType = sourcecode.swift; path = LibraryData.swift; sourceTree = "<group>"; };
		B95FF9702F2D4507003FE994 /* ReaderScreen.swift */ = {isa = PBXFileReference; lastKnownFileType = sourcecode.swift; path = "ReaderScreen.swift"; sourceTree = "<group>"; };
		B9D9830B2F28819E000C601C /* VerseLoader.swift */ = {isa = PBXFileReference; lastKnownFileType = sourcecode.swift; path = VerseLoader.swift; sourceTree = "<group>"; };
		B9NEW0012F3AAA010000002 /* SearchManager.swift */ = {isa = PBXFileReference; lastKnownFileType = sourcecode.swift; path = SearchManager.swift; sourceTree = "<group>"; };
		B9NEW0022F3AAA010000002 /* ShareImageGenerator.swift */ = {isa = PBXFileReference; lastKnownFileType = sourcecode.swift; path = ShareImageGenerator.swift; sourceTree = "<group>"; };
		B9NEW0032F3AAA010000002 /* GuidedStudyScreen.swift */ = {isa = PBXFileReference; lastKnownFileType = sourcecode.swift; path = GuidedStudyScreen.swift; sourceTree = "<group>"; };
		B9NEW0042F3AAA010000002 /* JourneyStore.swift */ = {isa = PBXFileReference; lastKnownFileType = sourcecode.swift; path = JourneyStore.swift; sourceTree = "<group>"; };
		B9RDS00012F3BBB010000002 /* RemoteDataService.swift */ = {isa = PBXFileReference; lastKnownFileType = sourcecode.swift; path = RemoteDataService.swift; sourceTree = "<group>"; };
		B9RCF00012F3BBB010000002 /* RemoteConfig.swift */ = {isa = PBXFileReference; lastKnownFileType = sourcecode.swift; path = RemoteConfig.swift; sourceTree = "<group>"; };
		B9OAI0012F3BBB010000002 /* OpenAIProxyClient.swift */ = {isa = PBXFileReference; lastKnownFileType = sourcecode.swift; path = OpenAIProxyClient.swift; sourceTree = "<group>"; };
		B9STUDY012F3BBB010000002 /* StudyHomeScreen.swift */ = {isa = PBXFileReference; lastKnownFileType = sourcecode.swift; path = StudyHomeScreen.swift; sourceTree = "<group>"; };
		B9GPS0012F3BBB010000002 /* GuidedPassagePickerSheet.swift */ = {isa = PBXFileReference; lastKnownFileType = sourcecode.swift; path = GuidedPassagePickerSheet.swift; sourceTree = "<group>"; };
		B9GSM0012F3BBB010000002 /* GuidedSearchManager.swift */ = {isa = PBXFileReference; lastKnownFileType = sourcecode.swift; path = GuidedSearchManager.swift; sourceTree = "<group>"; };
		B9RDP0012F3BBB010000002 /* RemoteDatasetProvider.swift */ = {isa = PBXFileReference; lastKnownFileType = sourcecode.swift; path = RemoteDatasetProvider.swift; sourceTree = "<group>"; };
/* End PBXFileReference section */

/* Begin PBXFrameworksBuildPhase section */
		B9174B4B2F229F610057C525 /* Frameworks */ = {
			isa = PBXFrameworksBuildPhase;
			buildActionMask = 2147483647;
			files = (
			);
			runOnlyForDeploymentPostprocessing = 0;
		};
/* End PBXFrameworksBuildPhase section */

/* Begin PBXGroup section */
		B9174B452F229F610057C525 = {
			isa = PBXGroup;
			children = (
				B93A5C742F319F710032E9B8 /* SeekData */,
				B93A17872F318D420032E9B8 /* Theme.swift */,
				B93A17832F3187DC0032E9B8 /* Assets.xcassets */,
				B949C0172F27FA42000A59E5 /* LibraryData.swift */,
				B949C00D2F27EE77000A59E5 /* SettingsScreen.swift */,
				B949C00B2F27EDA3000A59E5 /* JourneyScreen.swift */,
				B949C00F2F27EEA4000A59E5 /* AppState.swift */,
				B949C0072F27E935000A59E5 /* LibraryScreen_New.swift */,
				B95FF9702F2D4507003FE994 /* ReaderScreen.swift */,
				B949C0132F27F211000A59E5 /* TextsScreen.swift */,
				B9174B672F22A8EE0057C525 /* ContentView.swift */,
				B9174B682F22A8EE0057C525 /* SeekApp.swift */,
				B9D9830B2F28819E000C601C /* VerseLoader.swift */,
				B9NEW0012F3AAA010000002 /* SearchManager.swift */,
				B9NEW0022F3AAA010000002 /* ShareImageGenerator.swift */,
				B9NEW0032F3AAA010000002 /* GuidedStudyScreen.swift */,
				B9NEW0042F3AAA010000002 /* JourneyStore.swift */,
				B9RDS00012F3BBB010000002 /* RemoteDataService.swift */,
				B9RDP0012F3BBB010000002 /* RemoteDatasetProvider.swift */,
				B9RCF00012F3BBB010000002 /* RemoteConfig.swift */,
				B9OAI0012F3BBB010000002 /* OpenAIProxyClient.swift */,
				B9STUDY012F3BBB010000002 /* StudyHomeScreen.swift */,
				B9GPS0012F3BBB010000002 /* GuidedPassagePickerSheet.swift */,
				B9GSM0012F3BBB010000002 /* GuidedSearchManager.swift */,
				B9174B4F2F229F610057C525 /* Products */,
			);
			sourceTree = "<group>";
		};
		B9174B4F2F229F610057C525 /* Products */ = {
			isa = PBXGroup;
			children = (
				B9174B4E2F229F610057C525 /* Seek.app */,
			);
			name = Products;
			sourceTree = "<group>";
		};
/* End PBXGroup section */

/* Begin PBXNativeTarget section */
		B9174B4D2F229F610057C525 /* Seek */ = {
			isa = PBXNativeTarget;
			buildConfigurationList = B9174B592F229F620057C525 /* Build configuration list for PBXNativeTarget "Seek" */;
			buildPhases = (
				B9174B4A2F229F610057C525 /* Sources */,
				B9174B4B2F229F610057C525 /* Frameworks */,
				B9174B4C2F229F610057C525 /* Resources */,
			);
			buildRules = (
			);
			dependencies = (
			);

			name = Seek;
			packageProductDependencies = (
			);
			productName = Seek;
			productReference = B9174B4E2F229F610057C525 /* Seek.app */;
			productType = "com.apple.product-type.application";
		};
/* End PBXNativeTarget section */

/* Begin PBXProject section */
		B9174B462F229F610057C525 /* Project object */ = {
			isa = PBXProject;
			attributes = {
				BuildIndependentTargetsInParallel = 1;
				LastSwiftUpdateCheck = 2620;
				LastUpgradeCheck = 2620;
				TargetAttributes = {
					B9174B4D2F229F610057C525 = {
						CreatedOnToolsVersion = 26.2;
					};
				};
			};
			buildConfigurationList = B9174B492F229F610057C525 /* Build configuration list for PBXProject "Seek" */;
			developmentRegion = en;
			hasScannedForEncodings = 0;
			knownRegions = (
				en,
				Base,
			);
			mainGroup = B9174B452F229F610057C525;
			minimizedProjectReferenceProxies = 1;
			preferredProjectObjectVersion = 77;
			productRefGroup = B9174B4F2F229F610057C525 /* Products */;
			projectDirPath = "";
			projectRoot = "";
			targets = (
				B9174B4D2F229F610057C525 /* Seek */,
			);
		};
/* End PBXProject section */

/* Begin PBXResourcesBuildPhase section */
		B9174B4C2F229F610057C525 /* Resources */ = {
			isa = PBXResourcesBuildPhase;
			buildActionMask = 2147483647;
			files = (
				B93A5C752F319F710032E9B8 /* SeekData in Resources */,
				B93A17842F3187DC0032E9B8 /* Assets.xcassets in Resources */,
			);
			runOnlyForDeploymentPostprocessing = 0;
		};
/* End PBXResourcesBuildPhase section */

/* Begin PBXSourcesBuildPhase section */
		B9174B4A2F229F610057C525 /* Sources */ = {
			isa = PBXSourcesBuildPhase;
			buildActionMask = 2147483647;
			files = (
				B949C00C2F27EE2F000A59E5 /* JourneyScreen.swift in Sources */,
				B949C0102F27EEAA000A59E5 /* AppState.swift in Sources */,
				B949C0082F27E935000A59E5 /* LibraryScreen_New.swift in Sources */,
				B949C0142F27F211000A59E5 /* TextsScreen.swift in Sources */,
				B949C0182F27FA42000A59E5 /* LibraryData.swift in Sources */,
				B9D9830C2F2881A1000C601C /* VerseLoader.swift in Sources */,
				B95FF9712F2D4507003FE994 /* ReaderScreen.swift in Sources */,
				B9174B6B2F22A8EE0057C525 /* ContentView.swift in Sources */,
				B93A17882F318D420032E9B8 /* Theme.swift in Sources */,
				B949C00E2F27EE81000A59E5 /* SettingsScreen.swift in Sources */,
				B9174B6C2F22A8EE0057C525 /* SeekApp.swift in Sources */,
				B9NEW0012F3AAA010000001 /* SearchManager.swift in Sources */,
				B9NEW0022F3AAA010000001 /* ShareImageGenerator.swift in Sources */,
				B9NEW0032F3AAA010000001 /* GuidedStudyScreen.swift in Sources */,
				B9NEW0042F3AAA010000001 /* JourneyStore.swift in Sources */,
				B9RDS00012F3BBB010000001 /* RemoteDataService.swift in Sources */,
				B9RDP0012F3BBB010000001 /* RemoteDatasetProvider.swift in Sources */,
				B9RCF00012F3BBB010000001 /* RemoteConfig.swift in Sources */,
				B9OAI0012F3BBB010000001 /* OpenAIProxyClient.swift in Sources */,
				B9STUDY012F3BBB010000001 /* StudyHomeScreen.swift in Sources */,
				B9GPS0012F3BBB010000001 /* GuidedPassagePickerSheet.swift in Sources */,
				B9GSM0012F3BBB010000001 /* GuidedSearchManager.swift in Sources */,
			);
			runOnlyForDeploymentPostprocessing = 0;
		};
/* End PBXSourcesBuildPhase section */

/* Begin XCBuildConfiguration section */
		B9174B572F229F620057C525 /* Debug */ = {
			isa = XCBuildConfiguration;
			buildSettings = {
				ALWAYS_SEARCH_USER_PATHS = NO;
				ASSETCATALOG_COMPILER_GENERATE_SWIFT_ASSET_SYMBOL_EXTENSIONS = YES;
				CLANG_ANALYZER_NONNULL = YES;
				CLANG_ANALYZER_NUMBER_OBJECT_CONVERSION = YES_AGGRESSIVE;
				CLANG_CXX_LANGUAGE_STANDARD = "gnu++20";
				CLANG_ENABLE_MODULES = YES;
				CLANG_ENABLE_OBJC_ARC = YES;
				CLANG_ENABLE_OBJC_WEAK = YES;
				CLANG_WARN_BLOCK_CAPTURE_AUTORELEASING = YES;
				CLANG_WARN_BOOL_CONVERSION = YES;
				CLANG_WARN_COMMA = YES;
				CLANG_WARN_CONSTANT_CONVERSION = YES;
				CLANG_WARN_DEPRECATED_OBJC_IMPLEMENTATIONS = YES;
				CLANG_WARN_DIRECT_OBJC_ISA_USAGE = YES_ERROR;
				CLANG_WARN_DOCUMENTATION_COMMENTS = YES;
				CLANG_WARN_EMPTY_BODY = YES;
				CLANG_WARN_ENUM_CONVERSION = YES;
				CLANG_WARN_INFINITE_RECURSION = YES;
				CLANG_WARN_INT_CONVERSION = YES;
				CLANG_WARN_NON_LITERAL_NULL_CONVERSION = YES;
				CLANG_WARN_OBJC_IMPLICIT_RETAIN_SELF = YES;
				CLANG_WARN_OBJC_LITERAL_CONVERSION = YES;
				CLANG_WARN_OBJC_ROOT_CLASS = YES_ERROR;
				CLANG_WARN_QUOTED_INCLUDE_IN_FRAMEWORK_HEADER = YES;
				CLANG_WARN_RANGE_LOOP_ANALYSIS = YES;
				CLANG_WARN_STRICT_PROTOTYPES = YES;
				CLANG_WARN_SUSPICIOUS_MOVE = YES;
				CLANG_WARN_UNGUARDED_AVAILABILITY = YES_AGGRESSIVE;
				CLANG_WARN_UNREACHABLE_CODE = YES;
				CLANG_WARN__DUPLICATE_METHOD_MATCH = YES;
				COPY_PHASE_STRIP = NO;
				DEBUG_INFORMATION_FORMAT = dwarf;
				ENABLE_STRICT_OBJC_MSGSEND = YES;
				ENABLE_TESTABILITY = YES;
				ENABLE_USER_SCRIPT_SANDBOXING = YES;
				GCC_C_LANGUAGE_STANDARD = gnu17;
				GCC_DYNAMIC_NO_PIC = NO;
				GCC_NO_COMMON_BLOCKS = YES;
				GCC_OPTIMIZATION_LEVEL = 0;
				GCC_PREPROCESSOR_DEFINITIONS = (
					"DEBUG=1",
					"$(inherited)",
				);
				GCC_WARN_64_TO_32_BIT_CONVERSION = YES;
				GCC_WARN_ABOUT_RETURN_TYPE = YES_ERROR;
				GCC_WARN_UNDECLARED_SELECTOR = YES;
				GCC_WARN_UNINITIALIZED_AUTOS = YES_AGGRESSIVE;
				GCC_WARN_UNUSED_FUNCTION = YES;
				GCC_WARN_UNUSED_VARIABLE = YES;
				IPHONEOS_DEPLOYMENT_TARGET = 17.0;
				LOCALIZATION_PREFERS_STRING_CATALOGS = YES;
				MTL_ENABLE_DEBUG_INFO = INCLUDE_SOURCE;
				MTL_FAST_MATH = YES;
				ONLY_ACTIVE_ARCH = YES;
				SDKROOT = iphoneos;
				SWIFT_ACTIVE_COMPILATION_CONDITIONS = "DEBUG $(inherited)";
				SWIFT_OPTIMIZATION_LEVEL = "-Onone";
			};
			name = Debug;
		};
		B9174B582F229F620057C525 /* Release */ = {
			isa = XCBuildConfiguration;
			buildSettings = {
				ALWAYS_SEARCH_USER_PATHS = NO;
				ASSETCATALOG_COMPILER_GENERATE_SWIFT_ASSET_SYMBOL_EXTENSIONS = YES;
				CLANG_ANALYZER_NONNULL = YES;
				CLANG_ANALYZER_NUMBER_OBJECT_CONVERSION = YES_AGGRESSIVE;
				CLANG_CXX_LANGUAGE_STANDARD = "gnu++20";
				CLANG_ENABLE_MODULES = YES;
				CLANG_ENABLE_OBJC_ARC = YES;
				CLANG_ENABLE_OBJC_WEAK = YES;
				CLANG_WARN_BLOCK_CAPTURE_AUTORELEASING = YES;
				CLANG_WARN_BOOL_CONVERSION = YES;
				CLANG_WARN_COMMA = YES;
				CLANG_WARN_CONSTANT_CONVERSION = YES;
				CLANG_WARN_DEPRECATED_OBJC_IMPLEMENTATIONS = YES;
				CLANG_WARN_DIRECT_OBJC_ISA_USAGE = YES_ERROR;
				CLANG_WARN_DOCUMENTATION_COMMENTS = YES;
				CLANG_WARN_EMPTY_BODY = YES;
				CLANG_WARN_ENUM_CONVERSION = YES;
				CLANG_WARN_INFINITE_RECURSION = YES;
				CLANG_WARN_INT_CONVERSION = YES;
				CLANG_WARN_NON_LITERAL_NULL_CONVERSION = YES;
				CLANG_WARN_OBJC_IMPLICIT_RETAIN_SELF = YES;
				CLANG_WARN_OBJC_LITERAL_CONVERSION = YES;
				CLANG_WARN_OBJC_ROOT_CLASS = YES_ERROR;
				CLANG_WARN_QUOTED_INCLUDE_IN_FRAMEWORK_HEADER = YES;
				CLANG_WARN_RANGE_LOOP_ANALYSIS = YES;
				CLANG_WARN_STRICT_PROTOTYPES = YES;
				CLANG_WARN_SUSPICIOUS_MOVE = YES;
				CLANG_WARN_UNGUARDED_AVAILABILITY = YES_AGGRESSIVE;
				CLANG_WARN_UNREACHABLE_CODE = YES;
				CLANG_WARN__DUPLICATE_METHOD_MATCH = YES;
				COPY_PHASE_STRIP = NO;
				DEBUG_INFORMATION_FORMAT = "dwarf-with-dsym";
				ENABLE_NS_ASSERTIONS = NO;
				ENABLE_STRICT_OBJC_MSGSEND = YES;
				ENABLE_USER_SCRIPT_SANDBOXING = YES;
				GCC_C_LANGUAGE_STANDARD = gnu17;
				GCC_NO_COMMON_BLOCKS = YES;
				GCC_WARN_64_TO_32_BIT_CONVERSION = YES;
				GCC_WARN_ABOUT_RETURN_TYPE = YES_ERROR;
				GCC_WARN_UNDECLARED_SELECTOR = YES;
				GCC_WARN_UNINITIALIZED_AUTOS = YES_AGGRESSIVE;
				GCC_WARN_UNUSED_FUNCTION = YES;
				GCC_WARN_UNUSED_VARIABLE = YES;
				IPHONEOS_DEPLOYMENT_TARGET = 17.0;
				LOCALIZATION_PREFERS_STRING_CATALOGS = YES;
				MTL_ENABLE_DEBUG_INFO = NO;
				MTL_FAST_MATH = YES;
				SDKROOT = iphoneos;
				SWIFT_COMPILATION_MODE = wholemodule;
				VALIDATE_PRODUCT = YES;
			};
			name = Release;
		};
		B9174B5A2F229F620057C525 /* Debug */ = {
			isa = XCBuildConfiguration;
			buildSettings = {
				ASSETCATALOG_COMPILER_APPICON_NAME = AppIcon;
				ASSETCATALOG_COMPILER_GLOBAL_ACCENT_COLOR_NAME = AccentColor;
				CODE_SIGN_STYLE = Automatic;
				CURRENT_PROJECT_VERSION = 1;
				ENABLE_PREVIEWS = YES;
				GENERATE_INFOPLIST_FILE = YES;
				INFOPLIST_KEY_UIApplicationSceneManifest_Generation = YES;
				INFOPLIST_KEY_UIApplicationSupportsIndirectInputEvents = YES;
				INFOPLIST_KEY_UILaunchScreen_Generation = YES;
				INFOPLIST_KEY_UISupportedInterfaceOrientations_iPad = "UIInterfaceOrientationPortrait UIInterfaceOrientationPortraitUpsideDown UIInterfaceOrientationLandscapeLeft UIInterfaceOrientationLandscapeRight";
				INFOPLIST_KEY_UISupportedInterfaceOrientations_iPhone = "UIInterfaceOrientationPortrait UIInterfaceOrientationLandscapeLeft UIInterfaceOrientationLandscapeRight";
				LD_RUNPATH_SEARCH_PATHS = (
					"$(inherited)",
					"@executable_path/Frameworks",
				);
				MARKETING_VERSION = 1.0;
				PRODUCT_BUNDLE_IDENTIFIER = com.seek.Seek;
				PRODUCT_NAME = "$(TARGET_NAME)";
				STRING_CATALOG_GENERATE_SYMBOLS = YES;
				SWIFT_APPROACHABLE_CONCURRENCY = YES;
				SWIFT_DEFAULT_ACTOR_ISOLATION = MainActor;
				SWIFT_EMIT_LOC_STRINGS = YES;
				SWIFT_UPCOMING_FEATURE_MEMBER_IMPORT_VISIBILITY = YES;
				SWIFT_VERSION = 5.0;
				TARGETED_DEVICE_FAMILY = "1,2";
			};
			name = Debug;
		};
		B9174B5B2F229F620057C525 /* Release */ = {
			isa = XCBuildConfiguration;
			buildSettings = {
				ASSETCATALOG_COMPILER_APPICON_NAME = AppIcon;
				ASSETCATALOG_COMPILER_GLOBAL_ACCENT_COLOR_NAME = AccentColor;
				CODE_SIGN_STYLE = Automatic;
				CURRENT_PROJECT_VERSION = 1;
				ENABLE_PREVIEWS = YES;
				GENERATE_INFOPLIST_FILE = YES;
				INFOPLIST_KEY_UIApplicationSceneManifest_Generation = YES;
				INFOPLIST_KEY_UIApplicationSupportsIndirectInputEvents = YES;
				INFOPLIST_KEY_UILaunchScreen_Generation = YES;
				INFOPLIST_KEY_UISupportedInterfaceOrientations_iPad = "UIInterfaceOrientationPortrait UIInterfaceOrientationPortraitUpsideDown UIInterfaceOrientationLandscapeLeft UIInterfaceOrientationLandscapeRight";
				INFOPLIST_KEY_UISupportedInterfaceOrientations_iPhone = "UIInterfaceOrientationPortrait UIInterfaceOrientationLandscapeLeft UIInterfaceOrientationLandscapeRight";
				LD_RUNPATH_SEARCH_PATHS = (
					"$(inherited)",
					"@executable_path/Frameworks",
				);
				MARKETING_VERSION = 1.0;
				PRODUCT_BUNDLE_IDENTIFIER = com.seek.Seek;
				PRODUCT_NAME = "$(TARGET_NAME)";
				STRING_CATALOG_GENERATE_SYMBOLS = YES;
				SWIFT_APPROACHABLE_CONCURRENCY = YES;
				SWIFT_DEFAULT_ACTOR_ISOLATION = MainActor;
				SWIFT_EMIT_LOC_STRINGS = YES;
				SWIFT_UPCOMING_FEATURE_MEMBER_IMPORT_VISIBILITY = YES;
				SWIFT_VERSION = 5.0;
				TARGETED_DEVICE_FAMILY = "1,2";
			};
			name = Release;
		};
/* End XCBuildConfiguration section */

/* Begin XCConfigurationList section */
		B9174B492F229F610057C525 /* Build configuration list for PBXProject "Seek" */ = {
			isa = XCConfigurationList;
			buildConfigurations = (
				B9174B572F229F620057C525 /* Debug */,
				B9174B582F229F620057C525 /* Release */,
			);
			defaultConfigurationIsVisible = 0;
			defaultConfigurationName = Release;
		};
		B9174B592F229F620057C525 /* Build configuration list for PBXNativeTarget "Seek" */ = {
			isa = XCConfigurationList;
			buildConfigurations = (
				B9174B5A2F229F620057C525 /* Debug */,
				B9174B5B2F229F620057C525 /* Release */,
			);
			defaultConfigurationIsVisible = 0;
			defaultConfigurationName = Release;
		};
/* End XCConfigurationList section */
	};
	rootObject = B9174B462F229F610057C525 /* Project object */;
}
